
Microsoft Visual Studio Solution File, Format Version 12.00
# Visual Studio 15
VisualStudioVersion = 15.0.28010.2036
MinimumVisualStudioVersion = 10.0.40219.1
Project("{FAE04EC0-301F-11D3-BF4B-00C04F79EFBC}") = "DevBuild_POS_System", "DevBuild_POS_System\DevBuild_POS_System.csproj", "{76FF1F78-BA0B-43B4-842A-6291E54A9772}"
EndProject
Global
	GlobalSection(SolutionConfigurationPlatforms) = preSolution
		Debug|Any CPU = Debug|Any CPU
		Release|Any CPU = Release|Any CPU
	EndGlobalSection
	GlobalSection(ProjectConfigurationPlatforms) = postSolution
		{76FF1F78-BA0B-43B4-842A-6291E54A9772}.Debug|Any CPU.ActiveCfg = Debug|Any CPU
		{76FF1F78-BA0B-43B4-842A-6291E54A9772}.Debug|Any CPU.Build.0 = Debug|Any CPU
		{76FF1F78-BA0B-43B4-842A-6291E54A9772}.Release|Any CPU.ActiveCfg = Release|Any CPU
		{76FF1F78-BA0B-43B4-842A-6291E54A9772}.Release|Any CPU.Build.0 = Release|Any CPU
	EndGlobalSection
	GlobalSection(SolutionProperties) = preSolution
		HideSolutionNode = FALSE
	EndGlobalSection
	GlobalSection(ExtensibilityGlobals) = postSolution
		SolutionGuid = {1DA19F50-E45D-47B8-AD89-69D027E7F010}
	EndGlobalSection
EndGlobal
